
Microsoft Visual Studio Solution File, Format Version 12.00
# Visual Studio Version 16
VisualStudioVersion = 16.0.31624.102
MinimumVisualStudioVersion = 10.0.40219.1
Project("{2150E333-8FDC-42A3-9474-1A3956D46DE8}") = "src", "src", "{45B73BF9-AD39-4E53-8722-028C553FD253}"
EndProject
Project("{2150E333-8FDC-42A3-9474-1A3956D46DE8}") = "Solution Items", "Solution Items", "{AA1F7E72-C666-400F-8A45-A2A7E83DF250}"
	ProjectSection(SolutionItems) = preProject
		ServiceUrls.txt = ServiceUrls.txt
	EndProjectSection
EndProject
Project("{2150E333-8FDC-42A3-9474-1A3956D46DE8}") = "ApiGateways", "ApiGateways", "{0F483BBB-843C-4D01-9B3E-48C7D412F3AB}"
EndProject
Project("{2150E333-8FDC-42A3-9474-1A3956D46DE8}") = "BuildingBlocks", "BuildingBlocks", "{C53599B9-81E1-4CDE-A4D5-B77E8434258A}"
EndProject
Project("{2150E333-8FDC-42A3-9474-1A3956D46DE8}") = "Services", "Services", "{E4E781A7-F4C0-4F12-AE8A-5A702484A2D5}"
EndProject
Project("{2150E333-8FDC-42A3-9474-1A3956D46DE8}") = "Clients", "Clients", "{9919323B-E98F-4E34-A987-309FF7A2D2E6}"
EndProject
Project("{2150E333-8FDC-42A3-9474-1A3956D46DE8}") = "WebApiGateway", "WebApiGateway", "{F4808C27-F65A-45CD-8273-AA831D91939E}"
EndProject
Project("{2150E333-8FDC-42A3-9474-1A3956D46DE8}") = "EventBus", "EventBus", "{E623C0DE-4496-4C69-B4F7-9AE8CE317132}"
EndProject
Project("{9A19103F-16F7-4668-BE54-9A1E7A4F7556}") = "EventBus.Base", "src\BuildingBlocks\EventBus\EventBus.Base\EventBus.Base.csproj", "{95F0AA3A-4307-4F17-9E1B-01612EE8A294}"
EndProject
Project("{9A19103F-16F7-4668-BE54-9A1E7A4F7556}") = "EventBus.Factory", "src\BuildingBlocks\EventBus\EventBus.Factory\EventBus.Factory.csproj", "{CD866E4D-E30D-469E-945D-A8DDB45DE105}"
EndProject
Project("{9A19103F-16F7-4668-BE54-9A1E7A4F7556}") = "Web.ApiGateway", "src\ApiGateways\WebApiGateway\Web.ApiGateway\Web.ApiGateway.csproj", "{C0DC0516-D946-44AA-8651-91A6D03DB7EB}"
EndProject
Project("{9A19103F-16F7-4668-BE54-9A1E7A4F7556}") = "EventBus.AzureServiceBus", "src\BuildingBlocks\EventBus\EventBus.AzureServiceBus\EventBus.AzureServiceBus.csproj", "{24F4247E-DB7A-492C-AC52-971112EFDFED}"
EndProject
Project("{9A19103F-16F7-4668-BE54-9A1E7A4F7556}") = "EventBus.RabbitMQ", "src\BuildingBlocks\EventBus\EventBus.RabbitMQ\EventBus.RabbitMQ.csproj", "{E58CCD54-1B20-4620-9FC3-7FBEFB28DA00}"
EndProject
Project("{2150E333-8FDC-42A3-9474-1A3956D46DE8}") = "BlazorWebApp", "BlazorWebApp", "{4FF7737F-D910-4EDC-94DB-611470B2ECEB}"
EndProject
Project("{9A19103F-16F7-4668-BE54-9A1E7A4F7556}") = "WebApp", "src\Clients\BlazorWebApp\WebApp\WebApp.csproj", "{1C8BDAD3-2204-40D2-A468-0DFD8C885628}"
EndProject
Project("{2150E333-8FDC-42A3-9474-1A3956D46DE8}") = "BasketService", "BasketService", "{5C554144-61E6-4083-A369-B63B663EC978}"
EndProject
Project("{9A19103F-16F7-4668-BE54-9A1E7A4F7556}") = "BasketService.Api", "src\Services\BasketService\BasketService.Api\BasketService.Api.csproj", "{992CB0F3-C19F-4CEA-89A2-D711EBCA7372}"
EndProject
Project("{2150E333-8FDC-42A3-9474-1A3956D46DE8}") = "CatalogService", "CatalogService", "{87543824-4A0B-4AFE-B0D1-4BCAAC07DAE0}"
EndProject
Project("{9A19103F-16F7-4668-BE54-9A1E7A4F7556}") = "CatalogService.Api", "src\Services\CatalogService\CatalogService.Api\CatalogService.Api.csproj", "{09A31FD6-58D8-41DB-BF53-33103DAA3D47}"
EndProject
Project("{2150E333-8FDC-42A3-9474-1A3956D46DE8}") = "IdentityService", "IdentityService", "{74ADE162-A251-4C06-B8C0-6ACA3B93C247}"
EndProject
Project("{9A19103F-16F7-4668-BE54-9A1E7A4F7556}") = "IdentityService.Api", "src\Services\IdentityService\IdentityService.Api\IdentityService.Api.csproj", "{454F6682-A8F9-4CF4-84A9-EC4975F8BF93}"
EndProject
Project("{2150E333-8FDC-42A3-9474-1A3956D46DE8}") = "NotificationService", "NotificationService", "{6BC523E2-AA61-4C58-9AAD-BEF5B6EA8E14}"
EndProject
Project("{9A19103F-16F7-4668-BE54-9A1E7A4F7556}") = "NotificationService", "src\Services\NotificationService\NotificationService\NotificationService.csproj", "{24C9538A-79B5-4103-A0F6-9DDB516DEEB3}"
EndProject
Project("{2150E333-8FDC-42A3-9474-1A3956D46DE8}") = "OrderService", "OrderService", "{C0FB315C-F3A5-4D74-A6A3-1FCB408AD940}"
EndProject
Project("{9A19103F-16F7-4668-BE54-9A1E7A4F7556}") = "OrderService.Domain", "src\Services\OrderService\OrderService.Domain\OrderService.Domain.csproj", "{578A988C-442C-4DB3-8AF6-B0A80AE85F23}"
EndProject
Project("{9A19103F-16F7-4668-BE54-9A1E7A4F7556}") = "OrderService.Application", "src\Services\OrderService\OrderService.Application\OrderService.Application.csproj", "{56C630FB-D514-4596-9E92-5E8805FBFD5B}"
EndProject
Project("{9A19103F-16F7-4668-BE54-9A1E7A4F7556}") = "OrderService.Infrastructure", "src\Services\OrderService\OrderService.Infrastructure\OrderService.Infrastructure.csproj", "{FF9C875F-2877-47A4-BB21-E43BED1D7D6C}"
EndProject
Project("{9A19103F-16F7-4668-BE54-9A1E7A4F7556}") = "OrderService.Api", "src\Services\OrderService\OrderService.Api\OrderService.Api.csproj", "{EB9E8731-6124-420F-B679-ED9E7AD13AE9}"
EndProject
Project("{2150E333-8FDC-42A3-9474-1A3956D46DE8}") = "PaymentService", "PaymentService", "{605CFDF3-E9F3-476C-ADA9-5DF6BC83A377}"
EndProject
Project("{9A19103F-16F7-4668-BE54-9A1E7A4F7556}") = "PaymentService.Api", "src\Services\PaymentService\PaymentService.Api\PaymentService.Api.csproj", "{9F440A98-12E0-4D67-ACBD-94D47C320D81}"
EndProject
Project("{2150E333-8FDC-42A3-9474-1A3956D46DE8}") = "tests", "tests", "{59A3E7B5-E0AB-4A45-A1E0-D7FF0B6757D7}"
EndProject
Project("{2150E333-8FDC-42A3-9474-1A3956D46DE8}") = "BuildingBlocks", "BuildingBlocks", "{CE1F6EE0-F547-4986-886A-2107446D47FD}"
EndProject
Project("{FAE04EC0-301F-11D3-BF4B-00C04F79EFBC}") = "EventBus.UnitTest", "tests\BuildingBlocks\EventBus.UnitTest\EventBus.UnitTest.csproj", "{DCDEED86-7768-4492-8843-A79E85A93C69}"
EndProject
Global
	GlobalSection(SolutionConfigurationPlatforms) = preSolution
		Debug|Any CPU = Debug|Any CPU
		Release|Any CPU = Release|Any CPU
	EndGlobalSection
	GlobalSection(ProjectConfigurationPlatforms) = postSolution
		{95F0AA3A-4307-4F17-9E1B-01612EE8A294}.Debug|Any CPU.ActiveCfg = Debug|Any CPU
		{95F0AA3A-4307-4F17-9E1B-01612EE8A294}.Debug|Any CPU.Build.0 = Debug|Any CPU
		{95F0AA3A-4307-4F17-9E1B-01612EE8A294}.Release|Any CPU.ActiveCfg = Release|Any CPU
		{95F0AA3A-4307-4F17-9E1B-01612EE8A294}.Release|Any CPU.Build.0 = Release|Any CPU
		{CD866E4D-E30D-469E-945D-A8DDB45DE105}.Debug|Any CPU.ActiveCfg = Debug|Any CPU
		{CD866E4D-E30D-469E-945D-A8DDB45DE105}.Debug|Any CPU.Build.0 = Debug|Any CPU
		{CD866E4D-E30D-469E-945D-A8DDB45DE105}.Release|Any CPU.ActiveCfg = Release|Any CPU
		{CD866E4D-E30D-469E-945D-A8DDB45DE105}.Release|Any CPU.Build.0 = Release|Any CPU
		{C0DC0516-D946-44AA-8651-91A6D03DB7EB}.Debug|Any CPU.ActiveCfg = Debug|Any CPU
		{C0DC0516-D946-44AA-8651-91A6D03DB7EB}.Debug|Any CPU.Build.0 = Debug|Any CPU
		{C0DC0516-D946-44AA-8651-91A6D03DB7EB}.Release|Any CPU.ActiveCfg = Release|Any CPU
		{C0DC0516-D946-44AA-8651-91A6D03DB7EB}.Release|Any CPU.Build.0 = Release|Any CPU
		{24F4247E-DB7A-492C-AC52-971112EFDFED}.Debug|Any CPU.ActiveCfg = Debug|Any CPU
		{24F4247E-DB7A-492C-AC52-971112EFDFED}.Debug|Any CPU.Build.0 = Debug|Any CPU
		{24F4247E-DB7A-492C-AC52-971112EFDFED}.Release|Any CPU.ActiveCfg = Release|Any CPU
		{24F4247E-DB7A-492C-AC52-971112EFDFED}.Release|Any CPU.Build.0 = Release|Any CPU
		{E58CCD54-1B20-4620-9FC3-7FBEFB28DA00}.Debug|Any CPU.ActiveCfg = Debug|Any CPU
		{E58CCD54-1B20-4620-9FC3-7FBEFB28DA00}.Debug|Any CPU.Build.0 = Debug|Any CPU
		{E58CCD54-1B20-4620-9FC3-7FBEFB28DA00}.Release|Any CPU.ActiveCfg = Release|Any CPU
		{E58CCD54-1B20-4620-9FC3-7FBEFB28DA00}.Release|Any CPU.Build.0 = Release|Any CPU
		{1C8BDAD3-2204-40D2-A468-0DFD8C885628}.Debug|Any CPU.ActiveCfg = Debug|Any CPU
		{1C8BDAD3-2204-40D2-A468-0DFD8C885628}.Debug|Any CPU.Build.0 = Debug|Any CPU
		{1C8BDAD3-2204-40D2-A468-0DFD8C885628}.Release|Any CPU.ActiveCfg = Release|Any CPU
		{1C8BDAD3-2204-40D2-A468-0DFD8C885628}.Release|Any CPU.Build.0 = Release|Any CPU
		{992CB0F3-C19F-4CEA-89A2-D711EBCA7372}.Debug|Any CPU.ActiveCfg = Debug|Any CPU
		{992CB0F3-C19F-4CEA-89A2-D711EBCA7372}.Debug|Any CPU.Build.0 = Debug|Any CPU
		{992CB0F3-C19F-4CEA-89A2-D711EBCA7372}.Release|Any CPU.ActiveCfg = Release|Any CPU
		{992CB0F3-C19F-4CEA-89A2-D711EBCA7372}.Release|Any CPU.Build.0 = Release|Any CPU
		{09A31FD6-58D8-41DB-BF53-33103DAA3D47}.Debug|Any CPU.ActiveCfg = Debug|Any CPU
		{09A31FD6-58D8-41DB-BF53-33103DAA3D47}.Debug|Any CPU.Build.0 = Debug|Any CPU
		{09A31FD6-58D8-41DB-BF53-33103DAA3D47}.Release|Any CPU.ActiveCfg = Release|Any CPU
		{09A31FD6-58D8-41DB-BF53-33103DAA3D47}.Release|Any CPU.Build.0 = Release|Any CPU
		{454F6682-A8F9-4CF4-84A9-EC4975F8BF93}.Debug|Any CPU.ActiveCfg = Debug|Any CPU
		{454F6682-A8F9-4CF4-84A9-EC4975F8BF93}.Debug|Any CPU.Build.0 = Debug|Any CPU
		{454F6682-A8F9-4CF4-84A9-EC4975F8BF93}.Release|Any CPU.ActiveCfg = Release|Any CPU
		{454F6682-A8F9-4CF4-84A9-EC4975F8BF93}.Release|Any CPU.Build.0 = Release|Any CPU
		{24C9538A-79B5-4103-A0F6-9DDB516DEEB3}.Debug|Any CPU.ActiveCfg = Debug|Any CPU
		{24C9538A-79B5-4103-A0F6-9DDB516DEEB3}.Debug|Any CPU.Build.0 = Debug|Any CPU
		{24C9538A-79B5-4103-A0F6-9DDB516DEEB3}.Release|Any CPU.ActiveCfg = Release|Any CPU
		{24C9538A-79B5-4103-A0F6-9DDB516DEEB3}.Release|Any CPU.Build.0 = Release|Any CPU
		{578A988C-442C-4DB3-8AF6-B0A80AE85F23}.Debug|Any CPU.ActiveCfg = Debug|Any CPU
		{578A988C-442C-4DB3-8AF6-B0A80AE85F23}.Debug|Any CPU.Build.0 = Debug|Any CPU
		{578A988C-442C-4DB3-8AF6-B0A80AE85F23}.Release|Any CPU.ActiveCfg = Release|Any CPU
		{578A988C-442C-4DB3-8AF6-B0A80AE85F23}.Release|Any CPU.Build.0 = Release|Any CPU
		{56C630FB-D514-4596-9E92-5E8805FBFD5B}.Debug|Any CPU.ActiveCfg = Debug|Any CPU
		{56C630FB-D514-4596-9E92-5E8805FBFD5B}.Debug|Any CPU.Build.0 = Debug|Any CPU
		{56C630FB-D514-4596-9E92-5E8805FBFD5B}.Release|Any CPU.ActiveCfg = Release|Any CPU
		{56C630FB-D514-4596-9E92-5E8805FBFD5B}.Release|Any CPU.Build.0 = Release|Any CPU
		{FF9C875F-2877-47A4-BB21-E43BED1D7D6C}.Debug|Any CPU.ActiveCfg = Debug|Any CPU
		{FF9C875F-2877-47A4-BB21-E43BED1D7D6C}.Debug|Any CPU.Build.0 = Debug|Any CPU
		{FF9C875F-2877-47A4-BB21-E43BED1D7D6C}.Release|Any CPU.ActiveCfg = Release|Any CPU
		{FF9C875F-2877-47A4-BB21-E43BED1D7D6C}.Release|Any CPU.Build.0 = Release|Any CPU
		{EB9E8731-6124-420F-B679-ED9E7AD13AE9}.Debug|Any CPU.ActiveCfg = Debug|Any CPU
		{EB9E8731-6124-420F-B679-ED9E7AD13AE9}.Debug|Any CPU.Build.0 = Debug|Any CPU
		{EB9E8731-6124-420F-B679-ED9E7AD13AE9}.Release|Any CPU.ActiveCfg = Release|Any CPU
		{EB9E8731-6124-420F-B679-ED9E7AD13AE9}.Release|Any CPU.Build.0 = Release|Any CPU
		{9F440A98-12E0-4D67-ACBD-94D47C320D81}.Debug|Any CPU.ActiveCfg = Debug|Any CPU
		{9F440A98-12E0-4D67-ACBD-94D47C320D81}.Debug|Any CPU.Build.0 = Debug|Any CPU
		{9F440A98-12E0-4D67-ACBD-94D47C320D81}.Release|Any CPU.ActiveCfg = Release|Any CPU
		{9F440A98-12E0-4D67-ACBD-94D47C320D81}.Release|Any CPU.Build.0 = Release|Any CPU
		{DCDEED86-7768-4492-8843-A79E85A93C69}.Debug|Any CPU.ActiveCfg = Debug|Any CPU
		{DCDEED86-7768-4492-8843-A79E85A93C69}.Debug|Any CPU.Build.0 = Debug|Any CPU
		{DCDEED86-7768-4492-8843-A79E85A93C69}.Release|Any CPU.ActiveCfg = Release|Any CPU
		{DCDEED86-7768-4492-8843-A79E85A93C69}.Release|Any CPU.Build.0 = Release|Any CPU
	EndGlobalSection
	GlobalSection(SolutionProperties) = preSolution
		HideSolutionNode = FALSE
	EndGlobalSection
	GlobalSection(NestedProjects) = preSolution
		{0F483BBB-843C-4D01-9B3E-48C7D412F3AB} = {45B73BF9-AD39-4E53-8722-028C553FD253}
		{C53599B9-81E1-4CDE-A4D5-B77E8434258A} = {45B73BF9-AD39-4E53-8722-028C553FD253}
		{E4E781A7-F4C0-4F12-AE8A-5A702484A2D5} = {45B73BF9-AD39-4E53-8722-028C553FD253}
		{9919323B-E98F-4E34-A987-309FF7A2D2E6} = {45B73BF9-AD39-4E53-8722-028C553FD253}
		{F4808C27-F65A-45CD-8273-AA831D91939E} = {0F483BBB-843C-4D01-9B3E-48C7D412F3AB}
		{E623C0DE-4496-4C69-B4F7-9AE8CE317132} = {C53599B9-81E1-4CDE-A4D5-B77E8434258A}
		{95F0AA3A-4307-4F17-9E1B-01612EE8A294} = {E623C0DE-4496-4C69-B4F7-9AE8CE317132}
		{CD866E4D-E30D-469E-945D-A8DDB45DE105} = {E623C0DE-4496-4C69-B4F7-9AE8CE317132}
		{C0DC0516-D946-44AA-8651-91A6D03DB7EB} = {F4808C27-F65A-45CD-8273-AA831D91939E}
		{24F4247E-DB7A-492C-AC52-971112EFDFED} = {E623C0DE-4496-4C69-B4F7-9AE8CE317132}
		{E58CCD54-1B20-4620-9FC3-7FBEFB28DA00} = {E623C0DE-4496-4C69-B4F7-9AE8CE317132}
		{4FF7737F-D910-4EDC-94DB-611470B2ECEB} = {9919323B-E98F-4E34-A987-309FF7A2D2E6}
		{1C8BDAD3-2204-40D2-A468-0DFD8C885628} = {4FF7737F-D910-4EDC-94DB-611470B2ECEB}
		{5C554144-61E6-4083-A369-B63B663EC978} = {E4E781A7-F4C0-4F12-AE8A-5A702484A2D5}
		{992CB0F3-C19F-4CEA-89A2-D711EBCA7372} = {5C554144-61E6-4083-A369-B63B663EC978}
		{87543824-4A0B-4AFE-B0D1-4BCAAC07DAE0} = {E4E781A7-F4C0-4F12-AE8A-5A702484A2D5}
		{09A31FD6-58D8-41DB-BF53-33103DAA3D47} = {87543824-4A0B-4AFE-B0D1-4BCAAC07DAE0}
		{74ADE162-A251-4C06-B8C0-6ACA3B93C247} = {E4E781A7-F4C0-4F12-AE8A-5A702484A2D5}
		{454F6682-A8F9-4CF4-84A9-EC4975F8BF93} = {74ADE162-A251-4C06-B8C0-6ACA3B93C247}
		{6BC523E2-AA61-4C58-9AAD-BEF5B6EA8E14} = {E4E781A7-F4C0-4F12-AE8A-5A702484A2D5}
		{24C9538A-79B5-4103-A0F6-9DDB516DEEB3} = {6BC523E2-AA61-4C58-9AAD-BEF5B6EA8E14}
		{C0FB315C-F3A5-4D74-A6A3-1FCB408AD940} = {E4E781A7-F4C0-4F12-AE8A-5A702484A2D5}
		{578A988C-442C-4DB3-8AF6-B0A80AE85F23} = {C0FB315C-F3A5-4D74-A6A3-1FCB408AD940}
		{56C630FB-D514-4596-9E92-5E8805FBFD5B} = {C0FB315C-F3A5-4D74-A6A3-1FCB408AD940}
		{FF9C875F-2877-47A4-BB21-E43BED1D7D6C} = {C0FB315C-F3A5-4D74-A6A3-1FCB408AD940}
		{EB9E8731-6124-420F-B679-ED9E7AD13AE9} = {C0FB315C-F3A5-4D74-A6A3-1FCB408AD940}
		{605CFDF3-E9F3-476C-ADA9-5DF6BC83A377} = {E4E781A7-F4C0-4F12-AE8A-5A702484A2D5}
		{9F440A98-12E0-4D67-ACBD-94D47C320D81} = {605CFDF3-E9F3-476C-ADA9-5DF6BC83A377}
		{CE1F6EE0-F547-4986-886A-2107446D47FD} = {59A3E7B5-E0AB-4A45-A1E0-D7FF0B6757D7}
		{DCDEED86-7768-4492-8843-A79E85A93C69} = {CE1F6EE0-F547-4986-886A-2107446D47FD}
	EndGlobalSection
	GlobalSection(ExtensibilityGlobals) = postSolution
		SolutionGuid = {2B88C9A6-9870-435A-AC64-4BD25C19BBE5}
	EndGlobalSection
EndGlobal
